{
  "pins" : [
    {
      "identity" : "unl-maps-sdk-ios",
      "kind" : "remoteSourceControl",
      "location" : "https://github.com/u-n-l/unl-maps-sdk-ios.git",
      "state" : {
        "branch" : "main",
        "revision" : "ad7569c5a90fa1b943071d8562329ba1bf81de36"
      }
    }
  ],
  "version" : 2
}
