{
  "pins" : [
    {
      "identity" : "unl-maps-sdk-ios",
      "kind" : "remoteSourceControl",
      "location" : "https://github.com/u-n-l/unl-maps-sdk-ios.git",
      "state" : {
        "branch" : "main",
        "revision" : "b90dd289ab94911753d4faa77fbaa0b09e71781b"
      }
    }
  ],
  "version" : 2
}
