{
  "pins" : [
    {
      "identity" : "core-swift-package",
      "kind" : "remoteSourceControl",
      "location" : "https://github.com/u-n-l/core-swift-package.git",
      "state" : {
        "branch" : "main",
        "revision" : "9219e59273e346e7e63dba168f839d1f893d5857"
      }
    },
    {
      "identity" : "unl-maps-sdk-ios",
      "kind" : "remoteSourceControl",
      "location" : "https://github.com/u-n-l/unl-maps-sdk-ios.git",
      "state" : {
        "branch" : "UNL-3137-Precision-And-Flags",
        "revision" : "8604b12dc296685dc0a9c213d392866599a66701"
      }
    }
  ],
  "version" : 2
}
